
Microsoft Visual Studio Solution File, Format Version 12.00
# Visual Studio Version 16
VisualStudioVersion = 16.0.31911.196
MinimumVisualStudioVersion = 10.0.40219.1
Project("{FAE04EC0-301F-11D3-BF4B-00C04F79EFBC}") = "solarne_ploce_ogranicenja", "solarne_ploce_ogranicenja\solarne_ploce_ogranicenja.csproj", "{9BD6AFB3-53B6-4AB7-9A9D-93454F296046}"
EndProject
Global
	GlobalSection(SolutionConfigurationPlatforms) = preSolution
		Debug|Any CPU = Debug|Any CPU
		Release|Any CPU = Release|Any CPU
	EndGlobalSection
	GlobalSection(ProjectConfigurationPlatforms) = postSolution
		{9BD6AFB3-53B6-4AB7-9A9D-93454F296046}.Debug|Any CPU.ActiveCfg = Debug|Any CPU
		{9BD6AFB3-53B6-4AB7-9A9D-93454F296046}.Debug|Any CPU.Build.0 = Debug|Any CPU
		{9BD6AFB3-53B6-4AB7-9A9D-93454F296046}.Release|Any CPU.ActiveCfg = Release|Any CPU
		{9BD6AFB3-53B6-4AB7-9A9D-93454F296046}.Release|Any CPU.Build.0 = Release|Any CPU
	EndGlobalSection
	GlobalSection(SolutionProperties) = preSolution
		HideSolutionNode = FALSE
	EndGlobalSection
	GlobalSection(ExtensibilityGlobals) = postSolution
		SolutionGuid = {B11ADFDD-1815-4BF3-8B66-1658AF0724C9}
	EndGlobalSection
EndGlobal
